# THIS IS AN AUTOGENERATED FILE. DO NOT EDIT THIS FILE DIRECTLY.
# yarn lockfile v1


express-validator@^6.1.1:
  version "6.1.1"
  resolved "https://registry.yarnpkg.com/express-validator/-/express-validator-6.1.1.tgz#2ac81c3a11ce670da6f85a39af6f726a587ee2e7"
  integrity sha512-AF6YOhdDiCU7tUOO/OHp2W++I3qpYX7EInMmEEcRGOjs+qoubwgc5s6Wo3OQgxwsWRGCxXlrF73SIDEmY4y3wg==
  dependencies:
    lodash "^4.17.11"
    validator "^11.0.0"

lodash@^4.17.11:
  version "4.17.15"
  resolved "https://registry.yarnpkg.com/lodash/-/lodash-4.17.15.tgz#b447f6670a0455bbfeedd11392eff330ea097548"
  integrity sha512-8xOcRHvCjnocdS5cpwXQXVzmmh5e5+saE2QGoeQmbKmRS6J3VQppPOIt0MnmE+4xlZoumy0GPG0D0MVIQbNA1A==

validator@^11.0.0:
  version "11.1.0"
  resolved "https://registry.yarnpkg.com/validator/-/validator-11.1.0.tgz#ac18cac42e0aa5902b603d7a5d9b7827e2346ac4"
  integrity sha512-qiQ5ktdO7CD6C/5/mYV4jku/7qnqzjrxb3C/Q5wR3vGGinHTgJZN/TdFT3ZX4vXhX2R1PXx42fB1cn5W+uJ4lg==
